{
  "version": 4,
  "terraform_version": "1.1.2",
  "serial": 36,
  "lineage": "e0bd5f43-5f34-1810-d959-f68116ca2879",
  "outputs": {},
  "resources": [
    {
      "mode": "managed",
      "type": "ncloud_nat_gateway",
      "name": "nat_gateway",
      "provider": "provider[\"registry.terraform.io/navercloudplatform/ncloud\"]",
      "instances": [
        {
          "schema_version": 0,
          "attributes": {
            "description": "",
            "id": "9548387",
            "name": "nat-gw",
            "nat_gateway_no": "9548387",
            "public_ip": "110.165.21.209",
            "vpc_no": "16312",
            "zone": "KR-2"
          },
          "sensitive_attributes": [],
          "private": "bnVsbA==",
          "dependencies": [
            "ncloud_vpc.be"
          ]
        }
      ]
    },
    {
      "mode": "managed",
      "type": "ncloud_network_acl",
      "name": "prisub",
      "provider": "provider[\"registry.terraform.io/navercloudplatform/ncloud\"]",
      "instances": [
        {
          "schema_version": 0,
          "attributes": {
            "description": "",
            "id": "23627",
            "is_default": false,
            "name": "be-pri-subnet-nacl",
            "network_acl_no": "23627",
            "vpc_no": "16312"
          },
          "sensitive_attributes": [],
          "private": "bnVsbA==",
          "dependencies": [
            "ncloud_vpc.be"
          ]
        }
      ]
    },
    {
      "mode": "managed",
      "type": "ncloud_network_acl",
      "name": "prisub2",
      "provider": "provider[\"registry.terraform.io/navercloudplatform/ncloud\"]",
      "instances": [
        {
          "schema_version": 0,
          "attributes": {
            "description": "",
            "id": "23625",
            "is_default": false,
            "name": "mgmt-pri-subnet-nacl",
            "network_acl_no": "23625",
            "vpc_no": "16310"
          },
          "sensitive_attributes": [],
          "private": "bnVsbA==",
          "dependencies": [
            "ncloud_vpc.mgmt"
          ]
        }
      ]
    },
    {
      "mode": "managed",
      "type": "ncloud_network_acl",
      "name": "pubsub",
      "provider": "provider[\"registry.terraform.io/navercloudplatform/ncloud\"]",
      "instances": [
        {
          "schema_version": 0,
          "attributes": {
            "description": "",
            "id": "23626",
            "is_default": false,
            "name": "fe-pub-subnet-nacl",
            "network_acl_no": "23626",
            "vpc_no": "16311"
          },
          "sensitive_attributes": [],
          "private": "bnVsbA==",
          "dependencies": [
            "ncloud_vpc.fe"
          ]
        }
      ]
    },
    {
      "mode": "managed",
      "type": "ncloud_subnet",
      "name": "prisub",
      "provider": "provider[\"registry.terraform.io/navercloudplatform/ncloud\"]",
      "instances": [
        {
          "schema_version": 0,
          "attributes": {
            "id": "32318",
            "name": "pri-subnet",
            "network_acl_no": "23627",
            "subnet": "10.1.0.0/16",
            "subnet_no": "32318",
            "subnet_type": "PRIVATE",
            "usage_type": "GEN",
            "vpc_no": "16312",
            "zone": "KR-2"
          },
          "sensitive_attributes": [],
          "private": "bnVsbA==",
          "dependencies": [
            "ncloud_network_acl.prisub",
            "ncloud_vpc.be"
          ]
        }
      ]
    },
    {
      "mode": "managed",
      "type": "ncloud_subnet",
      "name": "prisub2",
      "provider": "provider[\"registry.terraform.io/navercloudplatform/ncloud\"]",
      "instances": [
        {
          "schema_version": 0,
          "attributes": {
            "id": "32316",
            "name": "pri2-subnet",
            "network_acl_no": "23625",
            "subnet": "10.2.0.0/16",
            "subnet_no": "32316",
            "subnet_type": "PRIVATE",
            "usage_type": "GEN",
            "vpc_no": "16310",
            "zone": "KR-2"
          },
          "sensitive_attributes": [],
          "private": "bnVsbA==",
          "dependencies": [
            "ncloud_network_acl.prisub2",
            "ncloud_vpc.mgmt"
          ]
        }
      ]
    },
    {
      "mode": "managed",
      "type": "ncloud_subnet",
      "name": "pubsub",
      "provider": "provider[\"registry.terraform.io/navercloudplatform/ncloud\"]",
      "instances": [
        {
          "schema_version": 0,
          "attributes": {
            "id": "32317",
            "name": "pub-subnet",
            "network_acl_no": "23626",
            "subnet": "10.0.0.0/16",
            "subnet_no": "32317",
            "subnet_type": "PUBLIC",
            "usage_type": "GEN",
            "vpc_no": "16311",
            "zone": "KR-2"
          },
          "sensitive_attributes": [],
          "private": "bnVsbA==",
          "dependencies": [
            "ncloud_network_acl.pubsub",
            "ncloud_vpc.fe"
          ]
        }
      ]
    },
    {
      "mode": "managed",
      "type": "ncloud_vpc",
      "name": "be",
      "provider": "provider[\"registry.terraform.io/navercloudplatform/ncloud\"]",
      "instances": [
        {
          "schema_version": 0,
          "attributes": {
            "default_access_control_group_no": "34166",
            "default_network_acl_no": "23624",
            "default_private_route_table_no": "31669",
            "default_public_route_table_no": "31668",
            "id": "16312",
            "ipv4_cidr_block": "10.1.0.0/16",
            "name": "be-vpc",
            "vpc_no": "16312"
          },
          "sensitive_attributes": [],
          "private": "bnVsbA=="
        }
      ]
    },
    {
      "mode": "managed",
      "type": "ncloud_vpc",
      "name": "fe",
      "provider": "provider[\"registry.terraform.io/navercloudplatform/ncloud\"]",
      "instances": [
        {
          "schema_version": 0,
          "attributes": {
            "default_access_control_group_no": "34165",
            "default_network_acl_no": "23623",
            "default_private_route_table_no": "31667",
            "default_public_route_table_no": "31666",
            "id": "16311",
            "ipv4_cidr_block": "10.0.0.0/16",
            "name": "fe-vpc",
            "vpc_no": "16311"
          },
          "sensitive_attributes": [],
          "private": "bnVsbA=="
        }
      ]
    },
    {
      "mode": "managed",
      "type": "ncloud_vpc",
      "name": "mgmt",
      "provider": "provider[\"registry.terraform.io/navercloudplatform/ncloud\"]",
      "instances": [
        {
          "schema_version": 0,
          "attributes": {
            "default_access_control_group_no": "34164",
            "default_network_acl_no": "23622",
            "default_private_route_table_no": "31665",
            "default_public_route_table_no": "31664",
            "id": "16310",
            "ipv4_cidr_block": "10.2.0.0/16",
            "name": "mgmt-vpc",
            "vpc_no": "16310"
          },
          "sensitive_attributes": [],
          "private": "bnVsbA=="
        }
      ]
    },
    {
      "mode": "managed",
      "type": "ncloud_vpc_peering",
      "name": "peering",
      "provider": "provider[\"registry.terraform.io/navercloudplatform/ncloud\"]",
      "instances": [
        {
          "schema_version": 0,
          "attributes": {
            "description": "",
            "has_reverse_vpc_peering": true,
            "id": "9548383",
            "is_between_accounts": false,
            "name": "vpc-peering",
            "source_vpc_no": "16311",
            "target_vpc_login_id": "444jop@gmail.com",
            "target_vpc_name": "be-vpc",
            "target_vpc_no": "16312",
            "vpc_peering_no": "9548383"
          },
          "sensitive_attributes": [],
          "private": "bnVsbA==",
          "dependencies": [
            "ncloud_vpc.be",
            "ncloud_vpc.fe"
          ]
        }
      ]
    },
    {
      "mode": "managed",
      "type": "ncloud_vpc_peering",
      "name": "peering2",
      "provider": "provider[\"registry.terraform.io/navercloudplatform/ncloud\"]",
      "instances": [
        {
          "schema_version": 0,
          "attributes": {
            "description": "",
            "has_reverse_vpc_peering": true,
            "id": "9548384",
            "is_between_accounts": false,
            "name": "vpc-peering2",
            "source_vpc_no": "16312",
            "target_vpc_login_id": "444jop@gmail.com",
            "target_vpc_name": "fe-vpc",
            "target_vpc_no": "16311",
            "vpc_peering_no": "9548384"
          },
          "sensitive_attributes": [],
          "private": "bnVsbA==",
          "dependencies": [
            "ncloud_vpc.be",
            "ncloud_vpc.fe"
          ]
        }
      ]
    },
    {
      "mode": "managed",
      "type": "ncloud_vpc_peering",
      "name": "peering3",
      "provider": "provider[\"registry.terraform.io/navercloudplatform/ncloud\"]",
      "instances": [
        {
          "schema_version": 0,
          "attributes": {
            "description": "",
            "has_reverse_vpc_peering": true,
            "id": "9548385",
            "is_between_accounts": false,
            "name": "vpc-peering3",
            "source_vpc_no": "16312",
            "target_vpc_login_id": "444jop@gmail.com",
            "target_vpc_name": "mgmt-vpc",
            "target_vpc_no": "16310",
            "vpc_peering_no": "9548385"
          },
          "sensitive_attributes": [],
          "private": "bnVsbA==",
          "dependencies": [
            "ncloud_vpc.be",
            "ncloud_vpc.mgmt"
          ]
        }
      ]
    },
    {
      "mode": "managed",
      "type": "ncloud_vpc_peering",
      "name": "peering4",
      "provider": "provider[\"registry.terraform.io/navercloudplatform/ncloud\"]",
      "instances": [
        {
          "schema_version": 0,
          "attributes": {
            "description": "",
            "has_reverse_vpc_peering": true,
            "id": "9548386",
            "is_between_accounts": false,
            "name": "vpc-peering4",
            "source_vpc_no": "16310",
            "target_vpc_login_id": "444jop@gmail.com",
            "target_vpc_name": "be-vpc",
            "target_vpc_no": "16312",
            "vpc_peering_no": "9548386"
          },
          "sensitive_attributes": [],
          "private": "bnVsbA==",
          "dependencies": [
            "ncloud_vpc.be",
            "ncloud_vpc.mgmt"
          ]
        }
      ]
    },
    {
      "mode": "managed",
      "type": "ncloud_vpc_peering",
      "name": "peering5",
      "provider": "provider[\"registry.terraform.io/navercloudplatform/ncloud\"]",
      "instances": [
        {
          "schema_version": 0,
          "attributes": {
            "description": "",
            "has_reverse_vpc_peering": true,
            "id": "9548381",
            "is_between_accounts": false,
            "name": "vpc-peering5",
            "source_vpc_no": "16311",
            "target_vpc_login_id": "444jop@gmail.com",
            "target_vpc_name": "mgmt-vpc",
            "target_vpc_no": "16310",
            "vpc_peering_no": "9548381"
          },
          "sensitive_attributes": [],
          "private": "bnVsbA==",
          "dependencies": [
            "ncloud_vpc.fe",
            "ncloud_vpc.mgmt"
          ]
        }
      ]
    },
    {
      "mode": "managed",
      "type": "ncloud_vpc_peering",
      "name": "peering6",
      "provider": "provider[\"registry.terraform.io/navercloudplatform/ncloud\"]",
      "instances": [
        {
          "schema_version": 0,
          "attributes": {
            "description": "",
            "has_reverse_vpc_peering": true,
            "id": "9548382",
            "is_between_accounts": false,
            "name": "vpc-peering6",
            "source_vpc_no": "16310",
            "target_vpc_login_id": "444jop@gmail.com",
            "target_vpc_name": "fe-vpc",
            "target_vpc_no": "16311",
            "vpc_peering_no": "9548382"
          },
          "sensitive_attributes": [],
          "private": "bnVsbA==",
          "dependencies": [
            "ncloud_vpc.fe",
            "ncloud_vpc.mgmt"
          ]
        }
      ]
    }
  ]
}
