{
  "version": 4,
  "terraform_version": "1.1.2",
  "serial": 84,
  "lineage": "e0bd5f43-5f34-1810-d959-f68116ca2879",
  "outputs": {},
  "resources": [
    {
      "mode": "managed",
      "type": "ncloud_nat_gateway",
      "name": "nat_gateway",
      "provider": "provider[\"registry.terraform.io/navercloudplatform/ncloud\"]",
      "instances": [
        {
          "schema_version": 0,
          "attributes": {
            "description": "",
            "id": "9559390",
            "name": "nat-gw",
            "nat_gateway_no": "9559390",
            "public_ip": "110.165.20.84",
            "vpc_no": "16327",
            "zone": "KR-2"
          },
          "sensitive_attributes": [],
          "private": "bnVsbA==",
          "dependencies": [
            "ncloud_vpc.be"
          ]
        }
      ]
    },
    {
      "mode": "managed",
      "type": "ncloud_network_acl",
      "name": "prisub",
      "provider": "provider[\"registry.terraform.io/navercloudplatform/ncloud\"]",
      "instances": [
        {
          "schema_version": 0,
          "attributes": {
            "description": "",
            "id": "23658",
            "is_default": false,
            "name": "be-pri-subnet-nacl",
            "network_acl_no": "23658",
            "vpc_no": "16327"
          },
          "sensitive_attributes": [],
          "private": "bnVsbA==",
          "dependencies": [
            "ncloud_vpc.be"
          ]
        }
      ]
    },
    {
      "mode": "managed",
      "type": "ncloud_network_acl",
      "name": "prisub2",
      "provider": "provider[\"registry.terraform.io/navercloudplatform/ncloud\"]",
      "instances": [
        {
          "schema_version": 0,
          "attributes": {
            "description": "",
            "id": "23659",
            "is_default": false,
            "name": "mgmt-pri-subnet-nacl",
            "network_acl_no": "23659",
            "vpc_no": "16328"
          },
          "sensitive_attributes": [],
          "private": "bnVsbA==",
          "dependencies": [
            "ncloud_vpc.mgmt"
          ]
        }
      ]
    },
    {
      "mode": "managed",
      "type": "ncloud_network_acl",
      "name": "pubsub",
      "provider": "provider[\"registry.terraform.io/navercloudplatform/ncloud\"]",
      "instances": [
        {
          "schema_version": 0,
          "attributes": {
            "description": "",
            "id": "23657",
            "is_default": false,
            "name": "fe-pub-subnet-nacl",
            "network_acl_no": "23657",
            "vpc_no": "16326"
          },
          "sensitive_attributes": [],
          "private": "bnVsbA==",
          "dependencies": [
            "ncloud_vpc.fe"
          ]
        }
      ]
    },
    {
      "mode": "managed",
      "type": "ncloud_route",
      "name": "natroute",
      "provider": "provider[\"registry.terraform.io/navercloudplatform/ncloud\"]",
      "instances": [
        {
          "schema_version": 0,
          "attributes": {
            "destination_cidr_block": "0.0.0.0/0",
            "id": "route-3437203083",
            "is_default": false,
            "route_table_no": "31708",
            "target_name": "nat-gw",
            "target_no": "9559390",
            "target_type": "NATGW",
            "vpc_no": "16327"
          },
          "sensitive_attributes": [],
          "private": "bnVsbA==",
          "dependencies": [
            "ncloud_nat_gateway.nat_gateway",
            "ncloud_route_table.be_pri_rt",
            "ncloud_vpc.be"
          ]
        }
      ]
    },
    {
      "mode": "managed",
      "type": "ncloud_route_table",
      "name": "be_pri_rt",
      "provider": "provider[\"registry.terraform.io/navercloudplatform/ncloud\"]",
      "instances": [
        {
          "schema_version": 0,
          "attributes": {
            "description": "",
            "id": "31708",
            "is_default": false,
            "name": "be-pri-rt",
            "route_table_no": "31708",
            "supported_subnet_type": "PRIVATE",
            "vpc_no": "16327"
          },
          "sensitive_attributes": [],
          "private": "bnVsbA==",
          "dependencies": [
            "ncloud_vpc.be"
          ]
        }
      ]
    },
    {
      "mode": "managed",
      "type": "ncloud_route_table",
      "name": "fe_pub_rt",
      "provider": "provider[\"registry.terraform.io/navercloudplatform/ncloud\"]",
      "instances": [
        {
          "schema_version": 0,
          "attributes": {
            "description": "",
            "id": "31707",
            "is_default": false,
            "name": "fe-pub-rt",
            "route_table_no": "31707",
            "supported_subnet_type": "PUBLIC",
            "vpc_no": "16326"
          },
          "sensitive_attributes": [],
          "private": "bnVsbA==",
          "dependencies": [
            "ncloud_vpc.fe"
          ]
        }
      ]
    },
    {
      "mode": "managed",
      "type": "ncloud_route_table",
      "name": "mgmt_pri_rt",
      "provider": "provider[\"registry.terraform.io/navercloudplatform/ncloud\"]",
      "instances": [
        {
          "schema_version": 0,
          "attributes": {
            "description": "",
            "id": "31706",
            "is_default": false,
            "name": "mgmt-pri-rt",
            "route_table_no": "31706",
            "supported_subnet_type": "PRIVATE",
            "vpc_no": "16328"
          },
          "sensitive_attributes": [],
          "private": "bnVsbA==",
          "dependencies": [
            "ncloud_vpc.mgmt"
          ]
        }
      ]
    },
    {
      "mode": "managed",
      "type": "ncloud_route_table_association",
      "name": "be_rt_sub",
      "provider": "provider[\"registry.terraform.io/navercloudplatform/ncloud\"]",
      "instances": [
        {
          "schema_version": 0,
          "attributes": {
            "id": "31708:32356",
            "route_table_no": "31708",
            "subnet_no": "32356"
          },
          "sensitive_attributes": [],
          "private": "bnVsbA==",
          "dependencies": [
            "ncloud_route_table.be_pri_rt",
            "ncloud_subnet.prisub",
            "ncloud_vpc.be"
          ]
        }
      ]
    },
    {
      "mode": "managed",
      "type": "ncloud_route_table_association",
      "name": "fe_rt_sub",
      "provider": "provider[\"registry.terraform.io/navercloudplatform/ncloud\"]",
      "instances": [
        {
          "schema_version": 0,
          "attributes": {
            "id": "31707:32355",
            "route_table_no": "31707",
            "subnet_no": "32355"
          },
          "sensitive_attributes": [],
          "private": "bnVsbA==",
          "dependencies": [
            "ncloud_route_table.fe_pub_rt",
            "ncloud_subnet.pubsub",
            "ncloud_vpc.fe"
          ]
        }
      ]
    },
    {
      "mode": "managed",
      "type": "ncloud_route_table_association",
      "name": "mgmt_rt_sub",
      "provider": "provider[\"registry.terraform.io/navercloudplatform/ncloud\"]",
      "instances": [
        {
          "schema_version": 0,
          "attributes": {
            "id": "31706:32357",
            "route_table_no": "31706",
            "subnet_no": "32357"
          },
          "sensitive_attributes": [],
          "private": "bnVsbA==",
          "dependencies": [
            "ncloud_route_table.mgmt_pri_rt",
            "ncloud_subnet.prisub2",
            "ncloud_vpc.mgmt"
          ]
        }
      ]
    },
    {
      "mode": "managed",
      "type": "ncloud_subnet",
      "name": "prisub",
      "provider": "provider[\"registry.terraform.io/navercloudplatform/ncloud\"]",
      "instances": [
        {
          "schema_version": 0,
          "attributes": {
            "id": "32356",
            "name": "pri-subnet",
            "network_acl_no": "23658",
            "subnet": "10.1.0.0/16",
            "subnet_no": "32356",
            "subnet_type": "PRIVATE",
            "usage_type": "GEN",
            "vpc_no": "16327",
            "zone": "KR-2"
          },
          "sensitive_attributes": [],
          "private": "bnVsbA==",
          "dependencies": [
            "ncloud_network_acl.prisub",
            "ncloud_vpc.be"
          ]
        }
      ]
    },
    {
      "mode": "managed",
      "type": "ncloud_subnet",
      "name": "prisub2",
      "provider": "provider[\"registry.terraform.io/navercloudplatform/ncloud\"]",
      "instances": [
        {
          "schema_version": 0,
          "attributes": {
            "id": "32357",
            "name": "pri2-subnet",
            "network_acl_no": "23659",
            "subnet": "10.2.0.0/16",
            "subnet_no": "32357",
            "subnet_type": "PRIVATE",
            "usage_type": "GEN",
            "vpc_no": "16328",
            "zone": "KR-2"
          },
          "sensitive_attributes": [],
          "private": "bnVsbA==",
          "dependencies": [
            "ncloud_network_acl.prisub2",
            "ncloud_vpc.mgmt"
          ]
        }
      ]
    },
    {
      "mode": "managed",
      "type": "ncloud_subnet",
      "name": "pubsub",
      "provider": "provider[\"registry.terraform.io/navercloudplatform/ncloud\"]",
      "instances": [
        {
          "schema_version": 0,
          "attributes": {
            "id": "32355",
            "name": "pub-subnet",
            "network_acl_no": "23657",
            "subnet": "10.0.0.0/16",
            "subnet_no": "32355",
            "subnet_type": "PUBLIC",
            "usage_type": "GEN",
            "vpc_no": "16326",
            "zone": "KR-2"
          },
          "sensitive_attributes": [],
          "private": "bnVsbA==",
          "dependencies": [
            "ncloud_network_acl.pubsub",
            "ncloud_vpc.fe"
          ]
        }
      ]
    },
    {
      "mode": "managed",
      "type": "ncloud_vpc",
      "name": "be",
      "provider": "provider[\"registry.terraform.io/navercloudplatform/ncloud\"]",
      "instances": [
        {
          "schema_version": 0,
          "attributes": {
            "default_access_control_group_no": "34218",
            "default_network_acl_no": "23655",
            "default_private_route_table_no": "31703",
            "default_public_route_table_no": "31702",
            "id": "16327",
            "ipv4_cidr_block": "10.1.0.0/16",
            "name": "be-vpc",
            "vpc_no": "16327"
          },
          "sensitive_attributes": [],
          "private": "bnVsbA=="
        }
      ]
    },
    {
      "mode": "managed",
      "type": "ncloud_vpc",
      "name": "fe",
      "provider": "provider[\"registry.terraform.io/navercloudplatform/ncloud\"]",
      "instances": [
        {
          "schema_version": 0,
          "attributes": {
            "default_access_control_group_no": "34217",
            "default_network_acl_no": "23654",
            "default_private_route_table_no": "31701",
            "default_public_route_table_no": "31700",
            "id": "16326",
            "ipv4_cidr_block": "10.0.0.0/16",
            "name": "fe-vpc",
            "vpc_no": "16326"
          },
          "sensitive_attributes": [],
          "private": "bnVsbA=="
        }
      ]
    },
    {
      "mode": "managed",
      "type": "ncloud_vpc",
      "name": "mgmt",
      "provider": "provider[\"registry.terraform.io/navercloudplatform/ncloud\"]",
      "instances": [
        {
          "schema_version": 0,
          "attributes": {
            "default_access_control_group_no": "34219",
            "default_network_acl_no": "23656",
            "default_private_route_table_no": "31705",
            "default_public_route_table_no": "31704",
            "id": "16328",
            "ipv4_cidr_block": "10.2.0.0/16",
            "name": "mgmt-vpc",
            "vpc_no": "16328"
          },
          "sensitive_attributes": [],
          "private": "bnVsbA=="
        }
      ]
    },
    {
      "mode": "managed",
      "type": "ncloud_vpc_peering",
      "name": "peering",
      "provider": "provider[\"registry.terraform.io/navercloudplatform/ncloud\"]",
      "instances": [
        {
          "schema_version": 0,
          "attributes": {
            "description": "",
            "has_reverse_vpc_peering": true,
            "id": "9559391",
            "is_between_accounts": false,
            "name": "vpc-peering",
            "source_vpc_no": "16326",
            "target_vpc_login_id": "444jop@gmail.com",
            "target_vpc_name": "be-vpc",
            "target_vpc_no": "16327",
            "vpc_peering_no": "9559391"
          },
          "sensitive_attributes": [],
          "private": "bnVsbA==",
          "dependencies": [
            "ncloud_vpc.be",
            "ncloud_vpc.fe"
          ]
        }
      ]
    },
    {
      "mode": "managed",
      "type": "ncloud_vpc_peering",
      "name": "peering2",
      "provider": "provider[\"registry.terraform.io/navercloudplatform/ncloud\"]",
      "instances": [
        {
          "schema_version": 0,
          "attributes": {
            "description": "",
            "has_reverse_vpc_peering": true,
            "id": "9559389",
            "is_between_accounts": false,
            "name": "vpc-peering2",
            "source_vpc_no": "16327",
            "target_vpc_login_id": "444jop@gmail.com",
            "target_vpc_name": "fe-vpc",
            "target_vpc_no": "16326",
            "vpc_peering_no": "9559389"
          },
          "sensitive_attributes": [],
          "private": "bnVsbA==",
          "dependencies": [
            "ncloud_vpc.be",
            "ncloud_vpc.fe"
          ]
        }
      ]
    },
    {
      "mode": "managed",
      "type": "ncloud_vpc_peering",
      "name": "peering3",
      "provider": "provider[\"registry.terraform.io/navercloudplatform/ncloud\"]",
      "instances": [
        {
          "schema_version": 0,
          "attributes": {
            "description": "",
            "has_reverse_vpc_peering": true,
            "id": "9559401",
            "is_between_accounts": false,
            "name": "vpc-peering3",
            "source_vpc_no": "16327",
            "target_vpc_login_id": "444jop@gmail.com",
            "target_vpc_name": "mgmt-vpc",
            "target_vpc_no": "16328",
            "vpc_peering_no": "9559401"
          },
          "sensitive_attributes": [],
          "private": "bnVsbA==",
          "dependencies": [
            "ncloud_vpc.be",
            "ncloud_vpc.mgmt"
          ]
        }
      ]
    },
    {
      "mode": "managed",
      "type": "ncloud_vpc_peering",
      "name": "peering4",
      "provider": "provider[\"registry.terraform.io/navercloudplatform/ncloud\"]",
      "instances": [
        {
          "schema_version": 0,
          "attributes": {
            "description": "",
            "has_reverse_vpc_peering": true,
            "id": "9559400",
            "is_between_accounts": false,
            "name": "vpc-peering4",
            "source_vpc_no": "16328",
            "target_vpc_login_id": "444jop@gmail.com",
            "target_vpc_name": "be-vpc",
            "target_vpc_no": "16327",
            "vpc_peering_no": "9559400"
          },
          "sensitive_attributes": [],
          "private": "bnVsbA==",
          "dependencies": [
            "ncloud_vpc.be",
            "ncloud_vpc.mgmt"
          ]
        }
      ]
    },
    {
      "mode": "managed",
      "type": "ncloud_vpc_peering",
      "name": "peering5",
      "provider": "provider[\"registry.terraform.io/navercloudplatform/ncloud\"]",
      "instances": [
        {
          "schema_version": 0,
          "attributes": {
            "description": "",
            "has_reverse_vpc_peering": true,
            "id": "9559399",
            "is_between_accounts": false,
            "name": "vpc-peering5",
            "source_vpc_no": "16326",
            "target_vpc_login_id": "444jop@gmail.com",
            "target_vpc_name": "mgmt-vpc",
            "target_vpc_no": "16328",
            "vpc_peering_no": "9559399"
          },
          "sensitive_attributes": [],
          "private": "bnVsbA==",
          "dependencies": [
            "ncloud_vpc.fe",
            "ncloud_vpc.mgmt"
          ]
        }
      ]
    },
    {
      "mode": "managed",
      "type": "ncloud_vpc_peering",
      "name": "peering6",
      "provider": "provider[\"registry.terraform.io/navercloudplatform/ncloud\"]",
      "instances": [
        {
          "schema_version": 0,
          "attributes": {
            "description": "",
            "has_reverse_vpc_peering": true,
            "id": "9559398",
            "is_between_accounts": false,
            "name": "vpc-peering6",
            "source_vpc_no": "16328",
            "target_vpc_login_id": "444jop@gmail.com",
            "target_vpc_name": "fe-vpc",
            "target_vpc_no": "16326",
            "vpc_peering_no": "9559398"
          },
          "sensitive_attributes": [],
          "private": "bnVsbA==",
          "dependencies": [
            "ncloud_vpc.fe",
            "ncloud_vpc.mgmt"
          ]
        }
      ]
    }
  ]
}
