{
  "version": 4,
  "terraform_version": "1.1.2",
  "serial": 145,
  "lineage": "e0bd5f43-5f34-1810-d959-f68116ca2879",
  "outputs": {},
  "resources": [
    {
      "mode": "managed",
      "type": "ncloud_network_acl",
      "name": "pubsub",
      "provider": "provider[\"registry.terraform.io/navercloudplatform/ncloud\"]",
      "instances": [
        {
          "schema_version": 0,
          "attributes": {
            "description": "",
            "id": "23657",
            "is_default": false,
            "name": "fe-pub-subnet-nacl",
            "network_acl_no": "23657",
            "vpc_no": "16326"
          },
          "sensitive_attributes": [],
          "private": "bnVsbA==",
          "dependencies": [
            "ncloud_vpc.fe"
          ]
        }
      ]
    },
    {
      "mode": "managed",
      "type": "ncloud_subnet",
      "name": "pubsub",
      "provider": "provider[\"registry.terraform.io/navercloudplatform/ncloud\"]",
      "instances": [
        {
          "schema_version": 0,
          "attributes": {
            "id": "32355",
            "name": "pub-subnet",
            "network_acl_no": "23657",
            "subnet": "10.0.0.0/16",
            "subnet_no": "32355",
            "subnet_type": "PUBLIC",
            "usage_type": "GEN",
            "vpc_no": "16326",
            "zone": "KR-2"
          },
          "sensitive_attributes": [],
          "private": "bnVsbA==",
          "dependencies": [
            "ncloud_network_acl.pubsub",
            "ncloud_vpc.fe"
          ]
        }
      ]
    },
    {
      "mode": "managed",
      "type": "ncloud_vpc",
      "name": "be",
      "provider": "provider[\"registry.terraform.io/navercloudplatform/ncloud\"]",
      "instances": [
        {
          "schema_version": 0,
          "attributes": {
            "default_access_control_group_no": "34218",
            "default_network_acl_no": "23655",
            "default_private_route_table_no": "31703",
            "default_public_route_table_no": "31702",
            "id": "16327",
            "ipv4_cidr_block": "10.1.0.0/16",
            "name": "be-vpc",
            "vpc_no": "16327"
          },
          "sensitive_attributes": [],
          "private": "bnVsbA=="
        }
      ]
    },
    {
      "mode": "managed",
      "type": "ncloud_vpc",
      "name": "fe",
      "provider": "provider[\"registry.terraform.io/navercloudplatform/ncloud\"]",
      "instances": [
        {
          "schema_version": 0,
          "attributes": {
            "default_access_control_group_no": "34217",
            "default_network_acl_no": "23654",
            "default_private_route_table_no": "31701",
            "default_public_route_table_no": "31700",
            "id": "16326",
            "ipv4_cidr_block": "10.0.0.0/16",
            "name": "fe-vpc",
            "vpc_no": "16326"
          },
          "sensitive_attributes": [],
          "private": "bnVsbA=="
        }
      ]
    },
    {
      "mode": "managed",
      "type": "ncloud_vpc",
      "name": "mgmt",
      "provider": "provider[\"registry.terraform.io/navercloudplatform/ncloud\"]",
      "instances": [
        {
          "schema_version": 0,
          "attributes": {
            "default_access_control_group_no": "34219",
            "default_network_acl_no": "23656",
            "default_private_route_table_no": "31705",
            "default_public_route_table_no": "31704",
            "id": "16328",
            "ipv4_cidr_block": "10.2.0.0/16",
            "name": "mgmt-vpc",
            "vpc_no": "16328"
          },
          "sensitive_attributes": [],
          "private": "bnVsbA=="
        }
      ]
    },
    {
      "mode": "managed",
      "type": "ncloud_vpc_peering",
      "name": "peering",
      "provider": "provider[\"registry.terraform.io/navercloudplatform/ncloud\"]",
      "instances": [
        {
          "schema_version": 0,
          "attributes": {
            "description": "",
            "has_reverse_vpc_peering": false,
            "id": "9559391",
            "is_between_accounts": false,
            "name": "vpc-peering",
            "source_vpc_no": "16326",
            "target_vpc_login_id": "444jop@gmail.com",
            "target_vpc_name": "be-vpc",
            "target_vpc_no": "16327",
            "vpc_peering_no": "9559391"
          },
          "sensitive_attributes": [],
          "private": "bnVsbA==",
          "dependencies": [
            "ncloud_vpc.be",
            "ncloud_vpc.fe"
          ]
        }
      ]
    },
    {
      "mode": "managed",
      "type": "ncloud_vpc_peering",
      "name": "peering5",
      "provider": "provider[\"registry.terraform.io/navercloudplatform/ncloud\"]",
      "instances": [
        {
          "schema_version": 0,
          "attributes": {
            "description": "",
            "has_reverse_vpc_peering": false,
            "id": "9559399",
            "is_between_accounts": false,
            "name": "vpc-peering5",
            "source_vpc_no": "16326",
            "target_vpc_login_id": "444jop@gmail.com",
            "target_vpc_name": "mgmt-vpc",
            "target_vpc_no": "16328",
            "vpc_peering_no": "9559399"
          },
          "sensitive_attributes": [],
          "private": "bnVsbA==",
          "dependencies": [
            "ncloud_vpc.fe",
            "ncloud_vpc.mgmt"
          ]
        }
      ]
    }
  ]
}
