{
  "version": 4,
  "terraform_version": "1.1.2",
  "serial": 102,
  "lineage": "e0bd5f43-5f34-1810-d959-f68116ca2879",
  "outputs": {
    "product": {
      "value": "SVR.VSVR.HICPU.C002.M004.NET.SSD.B050.G002",
      "type": "string"
    }
  },
  "resources": [
    {
      "mode": "data",
      "type": "ncloud_server_images",
      "name": "server_images",
      "provider": "provider[\"registry.terraform.io/navercloudplatform/ncloud\"]",
      "instances": [
        {
          "schema_version": 0,
          "attributes": {
            "block_storage_size": null,
            "exclusion_product_code": null,
            "filter": [
              {
                "name": "product_name",
                "regex": true,
                "values": [
                  "ubuntu"
                ]
              }
            ],
            "id": "1967096086",
            "ids": [
              "SW.VSVR.OS.LNX64.UBNTU.SVR1604.B050",
              "SW.VSVR.OS.LNX64.UBNTU.SVR1804.B050"
            ],
            "infra_resource_detail_type_code": null,
            "output_file": "ubuntu_server_image_list.json",
            "platform_type": null,
            "product_code": null,
            "product_name_regex": null,
            "region": null,
            "server_images": [
              {
                "base_block_storage_size": "50GB",
                "id": "SW.VSVR.OS.LNX64.UBNTU.SVR1604.B050",
                "infra_resource_detail_type_code": "",
                "infra_resource_type": "SW",
                "os_information": "Ubuntu Server 16.04 (64-bit)",
                "platform_type": "UBS64",
                "product_code": "SW.VSVR.OS.LNX64.UBNTU.SVR1604.B050",
                "product_description": "Ubuntu Server 16.04 (64-bit) ",
                "product_name": "ubuntu-16.04-64-server",
                "product_type": "LINUX"
              },
              {
                "base_block_storage_size": "50GB",
                "id": "SW.VSVR.OS.LNX64.UBNTU.SVR1804.B050",
                "infra_resource_detail_type_code": "",
                "infra_resource_type": "SW",
                "os_information": "Ubuntu Server 18.04 (64-bit)",
                "platform_type": "UBS64",
                "product_code": "SW.VSVR.OS.LNX64.UBNTU.SVR1804.B050",
                "product_description": "Ubuntu Server 18.04 (64-bit) ",
                "product_name": "ubuntu-18.04",
                "product_type": "LINUX"
              }
            ]
          },
          "sensitive_attributes": []
        }
      ]
    },
    {
      "mode": "data",
      "type": "ncloud_server_product",
      "name": "product",
      "provider": "provider[\"registry.terraform.io/navercloudplatform/ncloud\"]",
      "instances": [
        {
          "schema_version": 0,
          "attributes": {
            "base_block_storage_size": "50GB",
            "cpu_count": 2,
            "disk_type": "NET",
            "exclusion_product_code": null,
            "filter": [
              {
                "name": "cpu_count",
                "regex": false,
                "values": [
                  "2"
                ]
              },
              {
                "name": "memory_size",
                "regex": false,
                "values": [
                  "4GB"
                ]
              },
              {
                "name": "product_code",
                "regex": true,
                "values": [
                  "SSD"
                ]
              },
              {
                "name": "product_type",
                "regex": false,
                "values": [
                  "HICPU"
                ]
              }
            ],
            "generation_code": "G2",
            "id": "SVR.VSVR.HICPU.C002.M004.NET.SSD.B050.G002",
            "infra_resource_type": "VSVR",
            "internet_line_type_code": null,
            "memory_size": "4GB",
            "product_code": "SVR.VSVR.HICPU.C002.M004.NET.SSD.B050.G002",
            "product_description": "vCPU 2EA, Memory 4GB, [SSD]Disk 50GB",
            "product_name": "vCPU 2EA, Memory 4GB, [SSD]Disk 50GB",
            "product_name_regex": null,
            "product_type": "HICPU",
            "server_image_product_code": "SW.VSVR.OS.LNX64.UBNTU.SVR1804.B050",
            "zone": null
          },
          "sensitive_attributes": []
        }
      ]
    },
    {
      "mode": "managed",
      "type": "ncloud_access_control_group",
      "name": "acg",
      "provider": "provider[\"registry.terraform.io/navercloudplatform/ncloud\"]",
      "instances": [
        {
          "schema_version": 0,
          "attributes": {
            "access_control_group_no": "34473",
            "description": "",
            "id": "34473",
            "is_default": false,
            "name": "pub-acg",
            "vpc_no": "16326"
          },
          "sensitive_attributes": [],
          "private": "bnVsbA==",
          "dependencies": [
            "ncloud_vpc.fe"
          ]
        }
      ]
    },
    {
      "mode": "managed",
      "type": "ncloud_access_control_group_rule",
      "name": "acg-rule",
      "provider": "provider[\"registry.terraform.io/navercloudplatform/ncloud\"]",
      "instances": [
        {
          "schema_version": 0,
          "attributes": {
            "access_control_group_no": "34473",
            "id": "34473",
            "inbound": [
              {
                "description": "accept 22 port",
                "ip_block": "0.0.0.0/0",
                "port_range": "22",
                "protocol": "TCP",
                "source_access_control_group_no": ""
              }
            ],
            "outbound": [],
            "timeouts": null
          },
          "sensitive_attributes": [],
          "private": "eyJlMmJmYjczMC1lY2FhLTExZTYtOGY4OC0zNDM2M2JjN2M0YzAiOnsiY3JlYXRlIjozNjAwMDAwMDAwMDAwLCJkZWxldGUiOjMwMDAwMDAwMDAwMCwidXBkYXRlIjo2MDAwMDAwMDAwMDB9fQ==",
          "dependencies": [
            "ncloud_access_control_group.acg",
            "ncloud_vpc.fe"
          ]
        }
      ]
    },
    {
      "mode": "managed",
      "type": "ncloud_login_key",
      "name": "loginkey",
      "provider": "provider[\"registry.terraform.io/navercloudplatform/ncloud\"]",
      "instances": [
        {
          "schema_version": 0,
          "attributes": {
            "fingerprint": "fb:fe:40:d3:fe:4c:7c:48:3c:01:cc:8c:d9:5f:ed:55",
            "id": "blog-post-key",
            "key_name": "blog-post-key",
            "private_key": "-----BEGIN RSA PRIVATE KEY-----\nMIIEogIBAAKCAQEAk3S7Zyp3gkTKtpOS/UPvW+iPx1WJuPlP470IiD430BI5MIHR\n+OEjucUswSosXwgf0te2GECabkxWCRlkmVCbMeN1VN6KDjAzQ6pwDk6mxBHt9E+1\nLIxSL3mk2TN1R0pT6FrDDT4GDzA+Z/wE+OwBpMqqw/unYgxd3004TIKHnHbMoEmw\n1Q2asY7mFfsyCa9jaR+vFMlHav6P/f9EjAkmWN5CsolFtypC+k+ciXA61UGBA+cT\ngyhcC9yx+7ZkAKxWC4CceIhW8eGkaF0yNOPdIFjGUMFvcItow/7dVn+hvmbT+TM9\n3ztPaloo4WYRhKRdMc+D4fkjoZsKr04RTqDfDwIDAQABAoIBAA5FgwnWI2D5VYFc\nQSLAG3+Sv6+0SLMddiz9k8DT/MTnrp9SQUdMSw/k1JMRiN/dwm6+sAIi5o98Vetl\niMYJ9ita73U6YLRE2AFZkqTf2eYqMhSuTkO0hRPROzJGd7hhqkNX3X7/nMiFi9S2\noKiS9wnDD8oOJkIoHkHJkIRfMc7jzcV2RjxjC3/accTZ3vIZHA2QpAAxwboa/O7E\ngw8r8jGCivl0JLS7zxuubZ30jRrKx59KtmrulmKHL5KKFY8hM3MBCVGET3BxexhC\nnunEIBQdikeynJVYPTWvFcoPQC9x2uQLZ3Y1Ho44tzBH+lHt2FlxC0I+FccbPE3m\nFwZ9fbkCgYEA+4nZg1CoqgXVDIsjRaKqpN9RHVldkn5uKQg8uVg/JHKYQvvKfBHW\n8wrnuqrDTt+tZ/NbN6vG5XyoL/X51edXex5PcNXH/wAHlEhQ0G6PsXX70Ss/CMUx\n61FWoFGhTYR17yiaOBJDNLhmHV3WSgzIetFR88CMkjYGuPMM6TqRRsUCgYEAlhJH\ngfZ6qHjLa9+xjMBz7bD3yzXr5DsddPl+09yxdEKBY3EzgDJSEUcLfMtWJX99zYJE\nB9j0W9Y29zzCpTdeW006XAEgcO/q866mWKNLlIzLhstPdMGs7lYcdFiShinLqznX\n4dsm+J404tTraUXjI0NqcdlzBlV2PCM8Za8Pi8MCgYAzuufWz7HANa7ZA4xfd9Ks\nUZj29jf+Nq4lFiKW44Uo08BolivQVELmfOmnRBMil3GsHSo3SsZ+z6IvKuEUkp01\nHsirpeuZj8H/RtgH5ZT7pA4DuGcgQJ3BjVrJYcBQlttCMhF1UpwrrXiitXeqhvJ7\n/6xg+spuD1pWkvWmyXqzGQKBgDdwFT5rYTBvPyZggmRui+TYpRFKoBO1ytH1gOae\n9mbuUoH7xXysGikLx7CYJQDBMiYC40LK4Ko0XiXDKlyCMbcktlRajjNqTa8ra4P+\n/uKniGAJJxcInOuGoAhS1/373qMoQRnMLX9WYk8RPM2s5ZWXR/E61QUX+Q+KLLub\nifClAoGAZY8XoNwqYyIFK2DWgNIrrOS81T8pqq9C14Q6Z/GfRSxrNR7N7Gw7DEhQ\n7VtF9Dw8dF4/kt4lEmfWrslfdqrCj0Ir92JI1aPYPPRqlW+z7mZSLo4gi7nw//av\nQBecnmtb4PgWSW86jYrFpDNIxjLADq39blz/IFlj8BwTfBwnvnU=\n-----END RSA PRIVATE KEY-----",
            "timeouts": null
          },
          "sensitive_attributes": [],
          "private": "eyJlMmJmYjczMC1lY2FhLTExZTYtOGY4OC0zNDM2M2JjN2M0YzAiOnsiY3JlYXRlIjozMDAwMDAwMDAwMDAsImRlbGV0ZSI6MzAwMDAwMDAwMDAwfX0="
        }
      ]
    },
    {
      "mode": "managed",
      "type": "ncloud_nat_gateway",
      "name": "nat_gateway",
      "provider": "provider[\"registry.terraform.io/navercloudplatform/ncloud\"]",
      "instances": [
        {
          "schema_version": 0,
          "attributes": {
            "description": "",
            "id": "9559390",
            "name": "nat-gw",
            "nat_gateway_no": "9559390",
            "public_ip": "110.165.20.84",
            "vpc_no": "16327",
            "zone": "KR-2"
          },
          "sensitive_attributes": [],
          "private": "bnVsbA==",
          "dependencies": [
            "ncloud_vpc.be"
          ]
        }
      ]
    },
    {
      "mode": "managed",
      "type": "ncloud_network_acl",
      "name": "prisub",
      "provider": "provider[\"registry.terraform.io/navercloudplatform/ncloud\"]",
      "instances": [
        {
          "schema_version": 0,
          "attributes": {
            "description": "",
            "id": "23658",
            "is_default": false,
            "name": "be-pri-subnet-nacl",
            "network_acl_no": "23658",
            "vpc_no": "16327"
          },
          "sensitive_attributes": [],
          "private": "bnVsbA==",
          "dependencies": [
            "ncloud_vpc.be"
          ]
        }
      ]
    },
    {
      "mode": "managed",
      "type": "ncloud_network_acl",
      "name": "prisub2",
      "provider": "provider[\"registry.terraform.io/navercloudplatform/ncloud\"]",
      "instances": [
        {
          "schema_version": 0,
          "attributes": {
            "description": "",
            "id": "23659",
            "is_default": false,
            "name": "mgmt-pri-subnet-nacl",
            "network_acl_no": "23659",
            "vpc_no": "16328"
          },
          "sensitive_attributes": [],
          "private": "bnVsbA==",
          "dependencies": [
            "ncloud_vpc.mgmt"
          ]
        }
      ]
    },
    {
      "mode": "managed",
      "type": "ncloud_network_acl",
      "name": "pubsub",
      "provider": "provider[\"registry.terraform.io/navercloudplatform/ncloud\"]",
      "instances": [
        {
          "schema_version": 0,
          "attributes": {
            "description": "",
            "id": "23657",
            "is_default": false,
            "name": "fe-pub-subnet-nacl",
            "network_acl_no": "23657",
            "vpc_no": "16326"
          },
          "sensitive_attributes": [],
          "private": "bnVsbA==",
          "dependencies": [
            "ncloud_vpc.fe"
          ]
        }
      ]
    },
    {
      "mode": "managed",
      "type": "ncloud_route",
      "name": "natroute",
      "provider": "provider[\"registry.terraform.io/navercloudplatform/ncloud\"]",
      "instances": [
        {
          "schema_version": 0,
          "attributes": {
            "destination_cidr_block": "0.0.0.0/0",
            "id": "route-3437203083",
            "is_default": false,
            "route_table_no": "31708",
            "target_name": "nat-gw",
            "target_no": "9559390",
            "target_type": "NATGW",
            "vpc_no": "16327"
          },
          "sensitive_attributes": [],
          "private": "bnVsbA==",
          "dependencies": [
            "ncloud_nat_gateway.nat_gateway",
            "ncloud_route_table.be_pri_rt",
            "ncloud_vpc.be"
          ]
        }
      ]
    },
    {
      "mode": "managed",
      "type": "ncloud_route",
      "name": "peering2_route",
      "provider": "provider[\"registry.terraform.io/navercloudplatform/ncloud\"]",
      "instances": [
        {
          "schema_version": 0,
          "attributes": {
            "destination_cidr_block": "10.0.0.0/16",
            "id": "route-4258778482",
            "is_default": false,
            "route_table_no": "31708",
            "target_name": "vpc-peering2",
            "target_no": "9559389",
            "target_type": "VPCPEERING",
            "vpc_no": "16327"
          },
          "sensitive_attributes": [],
          "private": "bnVsbA==",
          "dependencies": [
            "ncloud_route_table.be_pri_rt",
            "ncloud_vpc.be",
            "ncloud_vpc.fe",
            "ncloud_vpc_peering.peering2"
          ]
        }
      ]
    },
    {
      "mode": "managed",
      "type": "ncloud_route",
      "name": "peering3_route",
      "provider": "provider[\"registry.terraform.io/navercloudplatform/ncloud\"]",
      "instances": [
        {
          "schema_version": 0,
          "attributes": {
            "destination_cidr_block": "10.2.0.0/16",
            "id": "route-3542214132",
            "is_default": false,
            "route_table_no": "31708",
            "target_name": "vpc-peering3",
            "target_no": "9559401",
            "target_type": "VPCPEERING",
            "vpc_no": "16327"
          },
          "sensitive_attributes": [],
          "private": "bnVsbA==",
          "dependencies": [
            "ncloud_vpc.be",
            "ncloud_vpc.mgmt",
            "ncloud_vpc_peering.peering3",
            "ncloud_route_table.be_pri_rt"
          ]
        }
      ]
    },
    {
      "mode": "managed",
      "type": "ncloud_route",
      "name": "peering4_route",
      "provider": "provider[\"registry.terraform.io/navercloudplatform/ncloud\"]",
      "instances": [
        {
          "schema_version": 0,
          "attributes": {
            "destination_cidr_block": "10.1.0.0/16",
            "id": "route-557288625",
            "is_default": false,
            "route_table_no": "31706",
            "target_name": "vpc-peering4",
            "target_no": "9559400",
            "target_type": "VPCPEERING",
            "vpc_no": "16328"
          },
          "sensitive_attributes": [],
          "private": "bnVsbA==",
          "dependencies": [
            "ncloud_route_table.mgmt_pri_rt",
            "ncloud_vpc.be",
            "ncloud_vpc.mgmt",
            "ncloud_vpc_peering.peering4"
          ]
        }
      ]
    },
    {
      "mode": "managed",
      "type": "ncloud_route",
      "name": "peering5_route",
      "provider": "provider[\"registry.terraform.io/navercloudplatform/ncloud\"]",
      "instances": [
        {
          "schema_version": 0,
          "attributes": {
            "destination_cidr_block": "10.2.0.0/16",
            "id": "route-2243252482",
            "is_default": false,
            "route_table_no": "31707",
            "target_name": "vpc-peering5",
            "target_no": "9559399",
            "target_type": "VPCPEERING",
            "vpc_no": "16326"
          },
          "sensitive_attributes": [],
          "private": "bnVsbA==",
          "dependencies": [
            "ncloud_route_table.fe_pub_rt",
            "ncloud_vpc.fe",
            "ncloud_vpc.mgmt",
            "ncloud_vpc_peering.peering5"
          ]
        }
      ]
    },
    {
      "mode": "managed",
      "type": "ncloud_route",
      "name": "peering6_route",
      "provider": "provider[\"registry.terraform.io/navercloudplatform/ncloud\"]",
      "instances": [
        {
          "schema_version": 0,
          "attributes": {
            "destination_cidr_block": "10.0.0.0/16",
            "id": "route-910989554",
            "is_default": false,
            "route_table_no": "31706",
            "target_name": "vpc-peering6",
            "target_no": "9559398",
            "target_type": "VPCPEERING",
            "vpc_no": "16328"
          },
          "sensitive_attributes": [],
          "private": "bnVsbA==",
          "dependencies": [
            "ncloud_vpc.fe",
            "ncloud_vpc.mgmt",
            "ncloud_vpc_peering.peering6",
            "ncloud_route_table.mgmt_pri_rt"
          ]
        }
      ]
    },
    {
      "mode": "managed",
      "type": "ncloud_route",
      "name": "peering_route",
      "provider": "provider[\"registry.terraform.io/navercloudplatform/ncloud\"]",
      "instances": [
        {
          "schema_version": 0,
          "attributes": {
            "destination_cidr_block": "10.1.0.0/16",
            "id": "route-3157814727",
            "is_default": false,
            "route_table_no": "31707",
            "target_name": "vpc-peering",
            "target_no": "9559391",
            "target_type": "VPCPEERING",
            "vpc_no": "16326"
          },
          "sensitive_attributes": [],
          "private": "bnVsbA==",
          "dependencies": [
            "ncloud_vpc.fe",
            "ncloud_vpc_peering.peering",
            "ncloud_route_table.fe_pub_rt",
            "ncloud_vpc.be"
          ]
        }
      ]
    },
    {
      "mode": "managed",
      "type": "ncloud_route_table",
      "name": "be_pri_rt",
      "provider": "provider[\"registry.terraform.io/navercloudplatform/ncloud\"]",
      "instances": [
        {
          "schema_version": 0,
          "attributes": {
            "description": "",
            "id": "31708",
            "is_default": false,
            "name": "be-pri-rt",
            "route_table_no": "31708",
            "supported_subnet_type": "PRIVATE",
            "vpc_no": "16327"
          },
          "sensitive_attributes": [],
          "private": "bnVsbA==",
          "dependencies": [
            "ncloud_vpc.be"
          ]
        }
      ]
    },
    {
      "mode": "managed",
      "type": "ncloud_route_table",
      "name": "fe_pub_rt",
      "provider": "provider[\"registry.terraform.io/navercloudplatform/ncloud\"]",
      "instances": [
        {
          "schema_version": 0,
          "attributes": {
            "description": "",
            "id": "31707",
            "is_default": false,
            "name": "fe-pub-rt",
            "route_table_no": "31707",
            "supported_subnet_type": "PUBLIC",
            "vpc_no": "16326"
          },
          "sensitive_attributes": [],
          "private": "bnVsbA==",
          "dependencies": [
            "ncloud_vpc.fe"
          ]
        }
      ]
    },
    {
      "mode": "managed",
      "type": "ncloud_route_table",
      "name": "mgmt_pri_rt",
      "provider": "provider[\"registry.terraform.io/navercloudplatform/ncloud\"]",
      "instances": [
        {
          "schema_version": 0,
          "attributes": {
            "description": "",
            "id": "31706",
            "is_default": false,
            "name": "mgmt-pri-rt",
            "route_table_no": "31706",
            "supported_subnet_type": "PRIVATE",
            "vpc_no": "16328"
          },
          "sensitive_attributes": [],
          "private": "bnVsbA==",
          "dependencies": [
            "ncloud_vpc.mgmt"
          ]
        }
      ]
    },
    {
      "mode": "managed",
      "type": "ncloud_route_table_association",
      "name": "be_rt_sub",
      "provider": "provider[\"registry.terraform.io/navercloudplatform/ncloud\"]",
      "instances": [
        {
          "schema_version": 0,
          "attributes": {
            "id": "31708:32356",
            "route_table_no": "31708",
            "subnet_no": "32356"
          },
          "sensitive_attributes": [],
          "private": "bnVsbA==",
          "dependencies": [
            "ncloud_network_acl.prisub",
            "ncloud_route_table.be_pri_rt",
            "ncloud_subnet.prisub",
            "ncloud_vpc.be"
          ]
        }
      ]
    },
    {
      "mode": "managed",
      "type": "ncloud_route_table_association",
      "name": "fe_rt_sub",
      "provider": "provider[\"registry.terraform.io/navercloudplatform/ncloud\"]",
      "instances": [
        {
          "schema_version": 0,
          "attributes": {
            "id": "31707:32355",
            "route_table_no": "31707",
            "subnet_no": "32355"
          },
          "sensitive_attributes": [],
          "private": "bnVsbA==",
          "dependencies": [
            "ncloud_vpc.fe",
            "ncloud_network_acl.pubsub",
            "ncloud_route_table.fe_pub_rt",
            "ncloud_subnet.pubsub"
          ]
        }
      ]
    },
    {
      "mode": "managed",
      "type": "ncloud_route_table_association",
      "name": "mgmt_rt_sub",
      "provider": "provider[\"registry.terraform.io/navercloudplatform/ncloud\"]",
      "instances": [
        {
          "schema_version": 0,
          "attributes": {
            "id": "31706:32357",
            "route_table_no": "31706",
            "subnet_no": "32357"
          },
          "sensitive_attributes": [],
          "private": "bnVsbA==",
          "dependencies": [
            "ncloud_route_table.mgmt_pri_rt",
            "ncloud_subnet.prisub2",
            "ncloud_vpc.mgmt",
            "ncloud_network_acl.prisub2"
          ]
        }
      ]
    },
    {
      "mode": "managed",
      "type": "ncloud_subnet",
      "name": "prisub",
      "provider": "provider[\"registry.terraform.io/navercloudplatform/ncloud\"]",
      "instances": [
        {
          "schema_version": 0,
          "attributes": {
            "id": "32356",
            "name": "pri-subnet",
            "network_acl_no": "23658",
            "subnet": "10.1.0.0/16",
            "subnet_no": "32356",
            "subnet_type": "PRIVATE",
            "usage_type": "GEN",
            "vpc_no": "16327",
            "zone": "KR-2"
          },
          "sensitive_attributes": [],
          "private": "bnVsbA==",
          "dependencies": [
            "ncloud_network_acl.prisub",
            "ncloud_vpc.be"
          ]
        }
      ]
    },
    {
      "mode": "managed",
      "type": "ncloud_subnet",
      "name": "prisub2",
      "provider": "provider[\"registry.terraform.io/navercloudplatform/ncloud\"]",
      "instances": [
        {
          "schema_version": 0,
          "attributes": {
            "id": "32357",
            "name": "pri2-subnet",
            "network_acl_no": "23659",
            "subnet": "10.2.0.0/16",
            "subnet_no": "32357",
            "subnet_type": "PRIVATE",
            "usage_type": "GEN",
            "vpc_no": "16328",
            "zone": "KR-2"
          },
          "sensitive_attributes": [],
          "private": "bnVsbA==",
          "dependencies": [
            "ncloud_network_acl.prisub2",
            "ncloud_vpc.mgmt"
          ]
        }
      ]
    },
    {
      "mode": "managed",
      "type": "ncloud_subnet",
      "name": "pubsub",
      "provider": "provider[\"registry.terraform.io/navercloudplatform/ncloud\"]",
      "instances": [
        {
          "schema_version": 0,
          "attributes": {
            "id": "32355",
            "name": "pub-subnet",
            "network_acl_no": "23657",
            "subnet": "10.0.0.0/16",
            "subnet_no": "32355",
            "subnet_type": "PUBLIC",
            "usage_type": "GEN",
            "vpc_no": "16326",
            "zone": "KR-2"
          },
          "sensitive_attributes": [],
          "private": "bnVsbA==",
          "dependencies": [
            "ncloud_network_acl.pubsub",
            "ncloud_vpc.fe"
          ]
        }
      ]
    },
    {
      "mode": "managed",
      "type": "ncloud_vpc",
      "name": "be",
      "provider": "provider[\"registry.terraform.io/navercloudplatform/ncloud\"]",
      "instances": [
        {
          "schema_version": 0,
          "attributes": {
            "default_access_control_group_no": "34218",
            "default_network_acl_no": "23655",
            "default_private_route_table_no": "31703",
            "default_public_route_table_no": "31702",
            "id": "16327",
            "ipv4_cidr_block": "10.1.0.0/16",
            "name": "be-vpc",
            "vpc_no": "16327"
          },
          "sensitive_attributes": [],
          "private": "bnVsbA=="
        }
      ]
    },
    {
      "mode": "managed",
      "type": "ncloud_vpc",
      "name": "fe",
      "provider": "provider[\"registry.terraform.io/navercloudplatform/ncloud\"]",
      "instances": [
        {
          "schema_version": 0,
          "attributes": {
            "default_access_control_group_no": "34217",
            "default_network_acl_no": "23654",
            "default_private_route_table_no": "31701",
            "default_public_route_table_no": "31700",
            "id": "16326",
            "ipv4_cidr_block": "10.0.0.0/16",
            "name": "fe-vpc",
            "vpc_no": "16326"
          },
          "sensitive_attributes": [],
          "private": "bnVsbA=="
        }
      ]
    },
    {
      "mode": "managed",
      "type": "ncloud_vpc",
      "name": "mgmt",
      "provider": "provider[\"registry.terraform.io/navercloudplatform/ncloud\"]",
      "instances": [
        {
          "schema_version": 0,
          "attributes": {
            "default_access_control_group_no": "34219",
            "default_network_acl_no": "23656",
            "default_private_route_table_no": "31705",
            "default_public_route_table_no": "31704",
            "id": "16328",
            "ipv4_cidr_block": "10.2.0.0/16",
            "name": "mgmt-vpc",
            "vpc_no": "16328"
          },
          "sensitive_attributes": [],
          "private": "bnVsbA=="
        }
      ]
    },
    {
      "mode": "managed",
      "type": "ncloud_vpc_peering",
      "name": "peering",
      "provider": "provider[\"registry.terraform.io/navercloudplatform/ncloud\"]",
      "instances": [
        {
          "schema_version": 0,
          "attributes": {
            "description": "",
            "has_reverse_vpc_peering": true,
            "id": "9559391",
            "is_between_accounts": false,
            "name": "vpc-peering",
            "source_vpc_no": "16326",
            "target_vpc_login_id": "444jop@gmail.com",
            "target_vpc_name": "be-vpc",
            "target_vpc_no": "16327",
            "vpc_peering_no": "9559391"
          },
          "sensitive_attributes": [],
          "private": "bnVsbA==",
          "dependencies": [
            "ncloud_vpc.be",
            "ncloud_vpc.fe"
          ]
        }
      ]
    },
    {
      "mode": "managed",
      "type": "ncloud_vpc_peering",
      "name": "peering2",
      "provider": "provider[\"registry.terraform.io/navercloudplatform/ncloud\"]",
      "instances": [
        {
          "schema_version": 0,
          "attributes": {
            "description": "",
            "has_reverse_vpc_peering": true,
            "id": "9559389",
            "is_between_accounts": false,
            "name": "vpc-peering2",
            "source_vpc_no": "16327",
            "target_vpc_login_id": "444jop@gmail.com",
            "target_vpc_name": "fe-vpc",
            "target_vpc_no": "16326",
            "vpc_peering_no": "9559389"
          },
          "sensitive_attributes": [],
          "private": "bnVsbA==",
          "dependencies": [
            "ncloud_vpc.fe",
            "ncloud_vpc.be"
          ]
        }
      ]
    },
    {
      "mode": "managed",
      "type": "ncloud_vpc_peering",
      "name": "peering3",
      "provider": "provider[\"registry.terraform.io/navercloudplatform/ncloud\"]",
      "instances": [
        {
          "schema_version": 0,
          "attributes": {
            "description": "",
            "has_reverse_vpc_peering": true,
            "id": "9559401",
            "is_between_accounts": false,
            "name": "vpc-peering3",
            "source_vpc_no": "16327",
            "target_vpc_login_id": "444jop@gmail.com",
            "target_vpc_name": "mgmt-vpc",
            "target_vpc_no": "16328",
            "vpc_peering_no": "9559401"
          },
          "sensitive_attributes": [],
          "private": "bnVsbA==",
          "dependencies": [
            "ncloud_vpc.be",
            "ncloud_vpc.mgmt"
          ]
        }
      ]
    },
    {
      "mode": "managed",
      "type": "ncloud_vpc_peering",
      "name": "peering4",
      "provider": "provider[\"registry.terraform.io/navercloudplatform/ncloud\"]",
      "instances": [
        {
          "schema_version": 0,
          "attributes": {
            "description": "",
            "has_reverse_vpc_peering": true,
            "id": "9559400",
            "is_between_accounts": false,
            "name": "vpc-peering4",
            "source_vpc_no": "16328",
            "target_vpc_login_id": "444jop@gmail.com",
            "target_vpc_name": "be-vpc",
            "target_vpc_no": "16327",
            "vpc_peering_no": "9559400"
          },
          "sensitive_attributes": [],
          "private": "bnVsbA==",
          "dependencies": [
            "ncloud_vpc.be",
            "ncloud_vpc.mgmt"
          ]
        }
      ]
    },
    {
      "mode": "managed",
      "type": "ncloud_vpc_peering",
      "name": "peering5",
      "provider": "provider[\"registry.terraform.io/navercloudplatform/ncloud\"]",
      "instances": [
        {
          "schema_version": 0,
          "attributes": {
            "description": "",
            "has_reverse_vpc_peering": true,
            "id": "9559399",
            "is_between_accounts": false,
            "name": "vpc-peering5",
            "source_vpc_no": "16326",
            "target_vpc_login_id": "444jop@gmail.com",
            "target_vpc_name": "mgmt-vpc",
            "target_vpc_no": "16328",
            "vpc_peering_no": "9559399"
          },
          "sensitive_attributes": [],
          "private": "bnVsbA==",
          "dependencies": [
            "ncloud_vpc.fe",
            "ncloud_vpc.mgmt"
          ]
        }
      ]
    },
    {
      "mode": "managed",
      "type": "ncloud_vpc_peering",
      "name": "peering6",
      "provider": "provider[\"registry.terraform.io/navercloudplatform/ncloud\"]",
      "instances": [
        {
          "schema_version": 0,
          "attributes": {
            "description": "",
            "has_reverse_vpc_peering": true,
            "id": "9559398",
            "is_between_accounts": false,
            "name": "vpc-peering6",
            "source_vpc_no": "16328",
            "target_vpc_login_id": "444jop@gmail.com",
            "target_vpc_name": "fe-vpc",
            "target_vpc_no": "16326",
            "vpc_peering_no": "9559398"
          },
          "sensitive_attributes": [],
          "private": "bnVsbA==",
          "dependencies": [
            "ncloud_vpc.mgmt",
            "ncloud_vpc.fe"
          ]
        }
      ]
    }
  ]
}
